// !$*UTF8*$!
{
	archiveVersion = 1;
	classes = {
	};
	objectVersion = 46;
	objects = {

/* Begin PBXBuildFile section */
		4FD55DF11D5D778700E4FE40 /* main.m in Sources */ = {isa = PBXBuildFile; fileRef = 4FD55DF01D5D778700E4FE40 /* main.m */; };
		4FD55DF41D5D778700E4FE40 /* AppDelegate.m in Sources */ = {isa = PBXBuildFile; fileRef = 4FD55DF31D5D778700E4FE40 /* AppDelegate.m */; };
		4FD55DF71D5D778700E4FE40 /* MasterViewController.m in Sources */ = {isa = PBXBuildFile; fileRef = 4FD55DF61D5D778700E4FE40 /* MasterViewController.m */; };
		4FD55DFA1D5D778700E4FE40 /* DetailViewController.m in Sources */ = {isa = PBXBuildFile; fileRef = 4FD55DF91D5D778700E4FE40 /* DetailViewController.m */; };
		4FD55DFD1D5D778700E4FE40 /* Main.storyboard in Resources */ = {isa = PBXBuildFile; fileRef = 4FD55DFB1D5D778700E4FE40 /* Main.storyboard */; };
		4FD55DFF1D5D778700E4FE40 /* Assets.xcassets in Resources */ = {isa = PBXBuildFile; fileRef = 4FD55DFE1D5D778700E4FE40 /* Assets.xcassets */; };
		4FD55E021D5D778700E4FE40 /* LaunchScreen.storyboard in Resources */ = {isa = PBXBuildFile; fileRef = 4FD55E001D5D778700E4FE40 /* LaunchScreen.storyboard */; };
		4FD55E0A1D5D7D8700E4FE40 /* SystemConfiguration.framework in Frameworks */ = {isa = PBXBuildFile; fileRef = 4FD55E091D5D7D8700E4FE40 /* SystemConfiguration.framework */; };
		4FD55E0D1D5D7DD000E4FE40 /* Reachability.m in Sources */ = {isa = PBXBuildFile; fileRef = 4FD55E0C1D5D7DD000E4FE40 /* Reachability.m */; };
		4FD55E101D5DB21500E4FE40 /* NewsItem.m in Sources */ = {isa = PBXBuildFile; fileRef = 4FD55E0F1D5DB21500E4FE40 /* NewsItem.m */; };
		4FD55E131D5DB63400E4FE40 /* RSSParserDelegate.m in Sources */ = {isa = PBXBuildFile; fileRef = 4FD55E121D5DB63400E4FE40 /* RSSParserDelegate.m */; };
/* End PBXBuildFile section */

/* Begin PBXFileReference section */
		4FD55DEC1D5D778700E4FE40 /* HelloMyRSSReader.app */ = {isa = PBXFileReference; explicitFileType = wrapper.application; includeInIndex = 0; path = HelloMyRSSReader.app; sourceTree = BUILT_PRODUCTS_DIR; };
		4FD55DF01D5D778700E4FE40 /* main.m */ = {isa = PBXFileReference; lastKnownFileType = sourcecode.c.objc; path = main.m; sourceTree = "<group>"; };
		4FD55DF21D5D778700E4FE40 /* AppDelegate.h */ = {isa = PBXFileReference; lastKnownFileType = sourcecode.c.h; path = AppDelegate.h; sourceTree = "<group>"; };
		4FD55DF31D5D778700E4FE40 /* AppDelegate.m */ = {isa = PBXFileReference; lastKnownFileType = sourcecode.c.objc; path = AppDelegate.m; sourceTree = "<group>"; };
		4FD55DF51D5D778700E4FE40 /* MasterViewController.h */ = {isa = PBXFileReference; lastKnownFileType = sourcecode.c.h; path = MasterViewController.h; sourceTree = "<group>"; };
		4FD55DF61D5D778700E4FE40 /* MasterViewController.m */ = {isa = PBXFileReference; lastKnownFileType = sourcecode.c.objc; path = MasterViewController.m; sourceTree = "<group>"; };
		4FD55DF81D5D778700E4FE40 /* DetailViewController.h */ = {isa = PBXFileReference; lastKnownFileType = sourcecode.c.h; path = DetailViewController.h; sourceTree = "<group>"; };
		4FD55DF91D5D778700E4FE40 /* DetailViewController.m */ = {isa = PBXFileReference; lastKnownFileType = sourcecode.c.objc; path = DetailViewController.m; sourceTree = "<group>"; };
		4FD55DFC1D5D778700E4FE40 /* Base */ = {isa = PBXFileReference; lastKnownFileType = file.storyboard; name = Base; path = Base.lproj/Main.storyboard; sourceTree = "<group>"; };
		4FD55DFE1D5D778700E4FE40 /* Assets.xcassets */ = {isa = PBXFileReference; lastKnownFileType = folder.assetcatalog; path = Assets.xcassets; sourceTree = "<group>"; };
		4FD55E011D5D778700E4FE40 /* Base */ = {isa = PBXFileReference; lastKnownFileType = file.storyboard; name = Base; path = Base.lproj/LaunchScreen.storyboard; sourceTree = "<group>"; };
		4FD55E031D5D778700E4FE40 /* Info.plist */ = {isa = PBXFileReference; lastKnownFileType = text.plist.xml; path = Info.plist; sourceTree = "<group>"; };
		4FD55E091D5D7D8700E4FE40 /* SystemConfiguration.framework */ = {isa = PBXFileReference; lastKnownFileType = wrapper.framework; name = SystemConfiguration.framework; path = System/Library/Frameworks/SystemConfiguration.framework; sourceTree = SDKROOT; };
		4FD55E0B1D5D7DD000E4FE40 /* Reachability.h */ = {isa = PBXFileReference; fileEncoding = 4; lastKnownFileType = sourcecode.c.h; path = Reachability.h; sourceTree = "<group>"; };
		4FD55E0C1D5D7DD000E4FE40 /* Reachability.m */ = {isa = PBXFileReference; fileEncoding = 4; lastKnownFileType = sourcecode.c.objc; path = Reachability.m; sourceTree = "<group>"; };
		4FD55E0E1D5DB21500E4FE40 /* NewsItem.h */ = {isa = PBXFileReference; fileEncoding = 4; lastKnownFileType = sourcecode.c.h; path = NewsItem.h; sourceTree = "<group>"; };
		4FD55E0F1D5DB21500E4FE40 /* NewsItem.m */ = {isa = PBXFileReference; fileEncoding = 4; lastKnownFileType = sourcecode.c.objc; path = NewsItem.m; sourceTree = "<group>"; };
		4FD55E111D5DB63400E4FE40 /* RSSParserDelegate.h */ = {isa = PBXFileReference; fileEncoding = 4; lastKnownFileType = sourcecode.c.h; path = RSSParserDelegate.h; sourceTree = "<group>"; };
		4FD55E121D5DB63400E4FE40 /* RSSParserDelegate.m */ = {isa = PBXFileReference; fileEncoding = 4; lastKnownFileType = sourcecode.c.objc; path = RSSParserDelegate.m; sourceTree = "<group>"; };
/* End PBXFileReference section */

/* Begin PBXFrameworksBuildPhase section */
		4FD55DE91D5D778700E4FE40 /* Frameworks */ = {
			isa = PBXFrameworksBuildPhase;
			buildActionMask = 2147483647;
			files = (
				4FD55E0A1D5D7D8700E4FE40 /* SystemConfiguration.framework in Frameworks */,
			);
			runOnlyForDeploymentPostprocessing = 0;
		};
/* End PBXFrameworksBuildPhase section */

/* Begin PBXGroup section */
		4FD55DE31D5D778700E4FE40 = {
			isa = PBXGroup;
			children = (
				4FD55E091D5D7D8700E4FE40 /* SystemConfiguration.framework */,
				4FD55DEE1D5D778700E4FE40 /* HelloMyRSSReader */,
				4FD55DED1D5D778700E4FE40 /* Products */,
			);
			sourceTree = "<group>";
		};
		4FD55DED1D5D778700E4FE40 /* Products */ = {
			isa = PBXGroup;
			children = (
				4FD55DEC1D5D778700E4FE40 /* HelloMyRSSReader.app */,
			);
			name = Products;
			sourceTree = "<group>";
		};
		4FD55DEE1D5D778700E4FE40 /* HelloMyRSSReader */ = {
			isa = PBXGroup;
			children = (
				4FD55E0B1D5D7DD000E4FE40 /* Reachability.h */,
				4FD55E0C1D5D7DD000E4FE40 /* Reachability.m */,
				4FD55DF21D5D778700E4FE40 /* AppDelegate.h */,
				4FD55DF31D5D778700E4FE40 /* AppDelegate.m */,
				4FD55DF51D5D778700E4FE40 /* MasterViewController.h */,
				4FD55DF61D5D778700E4FE40 /* MasterViewController.m */,
				4FD55E0E1D5DB21500E4FE40 /* NewsItem.h */,
				4FD55E0F1D5DB21500E4FE40 /* NewsItem.m */,
				4FD55E111D5DB63400E4FE40 /* RSSParserDelegate.h */,
				4FD55E121D5DB63400E4FE40 /* RSSParserDelegate.m */,
				4FD55DF81D5D778700E4FE40 /* DetailViewController.h */,
				4FD55DF91D5D778700E4FE40 /* DetailViewController.m */,
				4FD55DFB1D5D778700E4FE40 /* Main.storyboard */,
				4FD55DFE1D5D778700E4FE40 /* Assets.xcassets */,
				4FD55E001D5D778700E4FE40 /* LaunchScreen.storyboard */,
				4FD55E031D5D778700E4FE40 /* Info.plist */,
				4FD55DEF1D5D778700E4FE40 /* Supporting Files */,
			);
			path = HelloMyRSSReader;
			sourceTree = "<group>";
		};
		4FD55DEF1D5D778700E4FE40 /* Supporting Files */ = {
			isa = PBXGroup;
			children = (
				4FD55DF01D5D778700E4FE40 /* main.m */,
			);
			name = "Supporting Files";
			sourceTree = "<group>";
		};
/* End PBXGroup section */

/* Begin PBXNativeTarget section */
		4FD55DEB1D5D778700E4FE40 /* HelloMyRSSReader */ = {
			isa = PBXNativeTarget;
			buildConfigurationList = 4FD55E061D5D778700E4FE40 /* Build configuration list for PBXNativeTarget "HelloMyRSSReader" */;
			buildPhases = (
				4FD55DE81D5D778700E4FE40 /* Sources */,
				4FD55DE91D5D778700E4FE40 /* Frameworks */,
				4FD55DEA1D5D778700E4FE40 /* Resources */,
			);
			buildRules = (
			);
			dependencies = (
			);
			name = HelloMyRSSReader;
			productName = HelloMyRSSReader;
			productReference = 4FD55DEC1D5D778700E4FE40 /* HelloMyRSSReader.app */;
			productType = "com.apple.product-type.application";
		};
/* End PBXNativeTarget section */

/* Begin PBXProject section */
		4FD55DE41D5D778700E4FE40 /* Project object */ = {
			isa = PBXProject;
			attributes = {
				LastUpgradeCheck = 0730;
				ORGANIZATIONNAME = terrychiu;
				TargetAttributes = {
					4FD55DEB1D5D778700E4FE40 = {
						CreatedOnToolsVersion = 7.3.1;
					};
				};
			};
			buildConfigurationList = 4FD55DE71D5D778700E4FE40 /* Build configuration list for PBXProject "HelloMyRSSReader" */;
			compatibilityVersion = "Xcode 3.2";
			developmentRegion = English;
			hasScannedForEncodings = 0;
			knownRegions = (
				en,
				Base,
			);
			mainGroup = 4FD55DE31D5D778700E4FE40;
			productRefGroup = 4FD55DED1D5D778700E4FE40 /* Products */;
			projectDirPath = "";
			projectRoot = "";
			targets = (
				4FD55DEB1D5D778700E4FE40 /* HelloMyRSSReader */,
			);
		};
/* End PBXProject section */

/* Begin PBXResourcesBuildPhase section */
		4FD55DEA1D5D778700E4FE40 /* Resources */ = {
			isa = PBXResourcesBuildPhase;
			buildActionMask = 2147483647;
			files = (
				4FD55E021D5D778700E4FE40 /* LaunchScreen.storyboard in Resources */,
				4FD55DFF1D5D778700E4FE40 /* Assets.xcassets in Resources */,
				4FD55DFD1D5D778700E4FE40 /* Main.storyboard in Resources */,
			);
			runOnlyForDeploymentPostprocessing = 0;
		};
/* End PBXResourcesBuildPhase section */

/* Begin PBXSourcesBuildPhase section */
		4FD55DE81D5D778700E4FE40 /* Sources */ = {
			isa = PBXSourcesBuildPhase;
			buildActionMask = 2147483647;
			files = (
				4FD55DF41D5D778700E4FE40 /* AppDelegate.m in Sources */,
				4FD55E131D5DB63400E4FE40 /* RSSParserDelegate.m in Sources */,
				4FD55DF71D5D778700E4FE40 /* MasterViewController.m in Sources */,
				4FD55DF11D5D778700E4FE40 /* main.m in Sources */,
				4FD55E101D5DB21500E4FE40 /* NewsItem.m in Sources */,
				4FD55DFA1D5D778700E4FE40 /* DetailViewController.m in Sources */,
				4FD55E0D1D5D7DD000E4FE40 /* Reachability.m in Sources */,
			);
			runOnlyForDeploymentPostprocessing = 0;
		};
/* End PBXSourcesBuildPhase section */

/* Begin PBXVariantGroup section */
		4FD55DFB1D5D778700E4FE40 /* Main.storyboard */ = {
			isa = PBXVariantGroup;
			children = (
				4FD55DFC1D5D778700E4FE40 /* Base */,
			);
			name = Main.storyboard;
			sourceTree = "<group>";
		};
		4FD55E001D5D778700E4FE40 /* LaunchScreen.storyboard */ = {
			isa = PBXVariantGroup;
			children = (
				4FD55E011D5D778700E4FE40 /* Base */,
			);
			name = LaunchScreen.storyboard;
			sourceTree = "<group>";
		};
/* End PBXVariantGroup section */

/* Begin XCBuildConfiguration section */
		4FD55E041D5D778700E4FE40 /* Debug */ = {
			isa = XCBuildConfiguration;
			buildSettings = {
				ALWAYS_SEARCH_USER_PATHS = NO;
				CLANG_ANALYZER_NONNULL = YES;
				CLANG_CXX_LANGUAGE_STANDARD = "gnu++0x";
				CLANG_CXX_LIBRARY = "libc++";
				CLANG_ENABLE_MODULES = YES;
				CLANG_ENABLE_OBJC_ARC = YES;
				CLANG_WARN_BOOL_CONVERSION = YES;
				CLANG_WARN_CONSTANT_CONVERSION = YES;
				CLANG_WARN_DIRECT_OBJC_ISA_USAGE = YES_ERROR;
				CLANG_WARN_EMPTY_BODY = YES;
				CLANG_WARN_ENUM_CONVERSION = YES;
				CLANG_WARN_INT_CONVERSION = YES;
				CLANG_WARN_OBJC_ROOT_CLASS = YES_ERROR;
				CLANG_WARN_UNREACHABLE_CODE = YES;
				CLANG_WARN__DUPLICATE_METHOD_MATCH = YES;
				"CODE_SIGN_IDENTITY[sdk=iphoneos*]" = "iPhone Developer";
				COPY_PHASE_STRIP = NO;
				DEBUG_INFORMATION_FORMAT = dwarf;
				ENABLE_STRICT_OBJC_MSGSEND = YES;
				ENABLE_TESTABILITY = YES;
				GCC_C_LANGUAGE_STANDARD = gnu99;
				GCC_DYNAMIC_NO_PIC = NO;
				GCC_NO_COMMON_BLOCKS = YES;
				GCC_OPTIMIZATION_LEVEL = 0;
				GCC_PREPROCESSOR_DEFINITIONS = (
					"DEBUG=1",
					"$(inherited)",
				);
				GCC_WARN_64_TO_32_BIT_CONVERSION = YES;
				GCC_WARN_ABOUT_RETURN_TYPE = YES_ERROR;
				GCC_WARN_UNDECLARED_SELECTOR = YES;
				GCC_WARN_UNINITIALIZED_AUTOS = YES_AGGRESSIVE;
				GCC_WARN_UNUSED_FUNCTION = YES;
				GCC_WARN_UNUSED_VARIABLE = YES;
				IPHONEOS_DEPLOYMENT_TARGET = 9.3;
				MTL_ENABLE_DEBUG_INFO = YES;
				ONLY_ACTIVE_ARCH = YES;
				SDKROOT = iphoneos;
				TARGETED_DEVICE_FAMILY = "1,2";
			};
			name = Debug;
		};
		4FD55E051D5D778700E4FE40 /* Release */ = {
			isa = XCBuildConfiguration;
			buildSettings = {
				ALWAYS_SEARCH_USER_PATHS = NO;
				CLANG_ANALYZER_NONNULL = YES;
				CLANG_CXX_LANGUAGE_STANDARD = "gnu++0x";
				CLANG_CXX_LIBRARY = "libc++";
				CLANG_ENABLE_MODULES = YES;
				CLANG_ENABLE_OBJC_ARC = YES;
				CLANG_WARN_BOOL_CONVERSION = YES;
				CLANG_WARN_CONSTANT_CONVERSION = YES;
				CLANG_WARN_DIRECT_OBJC_ISA_USAGE = YES_ERROR;
				CLANG_WARN_EMPTY_BODY = YES;
				CLANG_WARN_ENUM_CONVERSION = YES;
				CLANG_WARN_INT_CONVERSION = YES;
				CLANG_WARN_OBJC_ROOT_CLASS = YES_ERROR;
				CLANG_WARN_UNREACHABLE_CODE = YES;
				CLANG_WARN__DUPLICATE_METHOD_MATCH = YES;
				"CODE_SIGN_IDENTITY[sdk=iphoneos*]" = "iPhone Developer";
				COPY_PHASE_STRIP = NO;
				DEBUG_INFORMATION_FORMAT = "dwarf-with-dsym";
				ENABLE_NS_ASSERTIONS = NO;
				ENABLE_STRICT_OBJC_MSGSEND = YES;
				GCC_C_LANGUAGE_STANDARD = gnu99;
				GCC_NO_COMMON_BLOCKS = YES;
				GCC_WARN_64_TO_32_BIT_CONVERSION = YES;
				GCC_WARN_ABOUT_RETURN_TYPE = YES_ERROR;
				GCC_WARN_UNDECLARED_SELECTOR = YES;
				GCC_WARN_UNINITIALIZED_AUTOS = YES_AGGRESSIVE;
				GCC_WARN_UNUSED_FUNCTION = YES;
				GCC_WARN_UNUSED_VARIABLE = YES;
				IPHONEOS_DEPLOYMENT_TARGET = 9.3;
				MTL_ENABLE_DEBUG_INFO = NO;
				SDKROOT = iphoneos;
				TARGETED_DEVICE_FAMILY = "1,2";
				VALIDATE_PRODUCT = YES;
			};
			name = Release;
		};
		4FD55E071D5D778700E4FE40 /* Debug */ = {
			isa = XCBuildConfiguration;
			buildSettings = {
				ASSETCATALOG_COMPILER_APPICON_NAME = AppIcon;
				INFOPLIST_FILE = HelloMyRSSReader/Info.plist;
				LD_RUNPATH_SEARCH_PATHS = "$(inherited) @executable_path/Frameworks";
				PRODUCT_BUNDLE_IDENTIFIER = com.terry.HelloMyRSSReader;
				PRODUCT_NAME = "$(TARGET_NAME)";
			};
			name = Debug;
		};
		4FD55E081D5D778700E4FE40 /* Release */ = {
			isa = XCBuildConfiguration;
			buildSettings = {
				ASSETCATALOG_COMPILER_APPICON_NAME = AppIcon;
				INFOPLIST_FILE = HelloMyRSSReader/Info.plist;
				LD_RUNPATH_SEARCH_PATHS = "$(inherited) @executable_path/Frameworks";
				PRODUCT_BUNDLE_IDENTIFIER = com.terry.HelloMyRSSReader;
				PRODUCT_NAME = "$(TARGET_NAME)";
			};
			name = Release;
		};
/* End XCBuildConfiguration section */

/* Begin XCConfigurationList section */
		4FD55DE71D5D778700E4FE40 /* Build configuration list for PBXProject "HelloMyRSSReader" */ = {
			isa = XCConfigurationList;
			buildConfigurations = (
				4FD55E041D5D778700E4FE40 /* Debug */,
				4FD55E051D5D778700E4FE40 /* Release */,
			);
			defaultConfigurationIsVisible = 0;
			defaultConfigurationName = Release;
		};
		4FD55E061D5D778700E4FE40 /* Build configuration list for PBXNativeTarget "HelloMyRSSReader" */ = {
			isa = XCConfigurationList;
			buildConfigurations = (
				4FD55E071D5D778700E4FE40 /* Debug */,
				4FD55E081D5D778700E4FE40 /* Release */,
			);
			defaultConfigurationIsVisible = 0;
			defaultConfigurationName = Release;
		};
/* End XCConfigurationList section */
	};
	rootObject = 4FD55DE41D5D778700E4FE40 /* Project object */;
}
